<?xml version="1.0" encoding="UTF-8" standalone="yes" ?>
<CodeBlocks_project_file>
	<FileVersion major="1" minor="6" />
	<Project>
		<Option title="Sokoban Gp2x" />
		<Option pch_mode="0" />
		<Option compiler="armelfgcc" />
		<Build>
			<Target title="Dingux">
				<Option output="sokoban.dge" prefix_auto="0" extension_auto="0" />
				<Option type="1" />
				<Option compiler="dingux_mipsel" />
				<Option projectResourceIncludeDirsRelation="1" />
				<Compiler>
					<Add option="-O3" />
				</Compiler>
				<Linker>
					<Add option="-s" />
					<Add option="-static" />
					<Add library="SDL_ttf" />
					<Add library="freetype" />
					<Add library="SDL_gfx" />
					<Add library="SDL_image" />
					<Add library="png" />
					<Add library="jpeg" />
					<Add library="SDL_mixer" />
					<Add library="ogg" />
					<Add library="vorbisidec" />
					<Add library="mad" />
					<Add library="mikmod" />
					<Add library="SDL" />
					<Add library="z" />
					<Add library="dl" />
					<Add library="pthread" />
				</Linker>
			</Target>
		</Build>
		<VirtualTargets>
			<Add alias="All" targets="Dingux;" />
		</VirtualTargets>
		<Linker>
			<Add option="-s" />
		</Linker>
		<Unit filename="CInput.cpp" />
		<Unit filename="CInput.h" />
		<Unit filename="CUsbJoystickSetup.cpp" />
		<Unit filename="CUsbJoystickSetup.h" />
		<Unit filename="Functions.cpp" />
		<Unit filename="Functions.h" />
		<Unit filename="sokoban.cpp" />
		<Unit filename="sokoban.h" />
		<Extensions>
			<code_completion />
			<envvars />
			<debugger />
			<lib_finder disable_auto="1" />
		</Extensions>
	</Project>
</CodeBlocks_project_file>
