<?xml version="1.0"?>
<!DOCTYPE CodeBlocks_project_file>
<CodeBlocks_project_file>
	<FileVersion major="1" minor="1"/>
	<Project>
		<Option title="SDL Application"/>
		<Option makefile="Makefile"/>
		<Option makefile_is_custom="0"/>
		<Option compiler="0"/>
		<Build>
			<Target title="default">
				<Option output="sokoban.exe"/>
				<Option working_dir="."/>
				<Option object_output=".objs"/>
				<Option deps_output=".deps"/>
				<Option type="0"/>
				<Option compiler="0"/>
				<Option projectResourceIncludeDirsRelation="0"/>
			</Target>
		</Build>
		<Compiler>
			<Add option="-DWIN32 -Dmain=SDL_main"/>
		</Compiler>
		<Linker>
			<Add option="-s"/>
			<Add library="mingw32"/>
			<Add library="SDLmain"/>
			<Add library="SDL"/>
			<Add library="SDL_Image"/>
			<Add library="sdl_mixer"/>
			<Add library="sdl_ttf"/>
			<Add library="sdl_gfx"/>
		</Linker>
		<Unit filename="sokobanwin.cpp">
			<Option compilerVar="CPP"/>
			<Option target="default"/>
		</Unit>
	</Project>
</CodeBlocks_project_file>
